{
  "nodes": {
    "flake-utils": {
      "locked": {
        "lastModified": 1652776076,
        "narHash": "sha256-gzTw/v1vj4dOVbpBSJX4J0DwUR6LIyXo7/SuuTJp1kM=",
        "owner": "numtide",
        "repo": "flake-utils",
        "rev": "04c1b180862888302ddfb2e3ad9eaa63afc60cf8",
        "type": "github"
      },
      "original": {
        "owner": "numtide",
        "repo": "flake-utils",
        "type": "github"
      }
    },
    "flake-utils_2": {
      "locked": {
        "lastModified": 1652776076,
        "narHash": "sha256-gzTw/v1vj4dOVbpBSJX4J0DwUR6LIyXo7/SuuTJp1kM=",
        "owner": "numtide",
        "repo": "flake-utils",
        "rev": "04c1b180862888302ddfb2e3ad9eaa63afc60cf8",
        "type": "github"
      },
      "original": {
        "owner": "numtide",
        "repo": "flake-utils",
        "type": "github"
      }
    },
    "flake-utils_3": {
      "locked": {
        "lastModified": 1649676176,
        "narHash": "sha256-OWKJratjt2RW151VUlJPRALb7OU2S5s+f0vLj4o1bHM=",
        "owner": "numtide",
        "repo": "flake-utils",
        "rev": "a4b154ebbdc88c8498a5c7b01589addc9e9cb678",
        "type": "github"
      },
      "original": {
        "owner": "numtide",
        "repo": "flake-utils",
        "type": "github"
      }
    },
    "flake-utils_4": {
      "locked": {
        "lastModified": 1637014545,
        "narHash": "sha256-26IZAc5yzlD9FlDT54io1oqG/bBoyka+FJk5guaX4x4=",
        "owner": "numtide",
        "repo": "flake-utils",
        "rev": "bba5dcc8e0b20ab664967ad83d24d64cb64ec4f4",
        "type": "github"
      },
      "original": {
        "owner": "numtide",
        "repo": "flake-utils",
        "type": "github"
      }
    },
    "flake-utils_5": {
      "locked": {
        "lastModified": 1637014545,
        "narHash": "sha256-26IZAc5yzlD9FlDT54io1oqG/bBoyka+FJk5guaX4x4=",
        "owner": "numtide",
        "repo": "flake-utils",
        "rev": "bba5dcc8e0b20ab664967ad83d24d64cb64ec4f4",
        "type": "github"
      },
      "original": {
        "owner": "numtide",
        "repo": "flake-utils",
        "type": "github"
      }
    },
    "goki-cli": {
      "inputs": {
        "flake-utils": "flake-utils_2",
        "nixpkgs": "nixpkgs",
        "saber-overlay": "saber-overlay_2"
      },
      "locked": {
        "lastModified": 1653242884,
        "narHash": "sha256-PyhEkdVJDz1Yq9+XniJXFRj0888fJVi28OcQwQT+MwY=",
        "owner": "GokiProtocol",
        "repo": "goki-cli",
        "rev": "4346316e65d6aa703e964ff66bfb3e42a5595223",
        "type": "github"
      },
      "original": {
        "owner": "GokiProtocol",
        "repo": "goki-cli",
        "type": "github"
      }
    },
    "nixpkgs": {
      "locked": {
        "lastModified": 1653117584,
        "narHash": "sha256-5uUrHeHBIaySBTrRExcCoW8fBBYVSDjDYDU5A6iOl+k=",
        "owner": "NixOS",
        "repo": "nixpkgs",
        "rev": "f4dfed73ee886b115a99e5b85fdfbeb683290d83",
        "type": "github"
      },
      "original": {
        "owner": "NixOS",
        "ref": "nixpkgs-unstable",
        "repo": "nixpkgs",
        "type": "github"
      }
    },
    "nixpkgs_2": {
      "locked": {
        "lastModified": 1649961138,
        "narHash": "sha256-8ZCPrazs+qd2V8Elw84lIWuk0kKfVQ8Ei/19gahURhM=",
        "owner": "NixOS",
        "repo": "nixpkgs",
        "rev": "d08394e7cd5c7431a1e8f53b7f581e74ee909548",
        "type": "github"
      },
      "original": {
        "owner": "NixOS",
        "ref": "nixpkgs-unstable",
        "repo": "nixpkgs",
        "type": "github"
      }
    },
    "nixpkgs_3": {
      "locked": {
        "lastModified": 1653117584,
        "narHash": "sha256-5uUrHeHBIaySBTrRExcCoW8fBBYVSDjDYDU5A6iOl+k=",
        "owner": "NixOS",
        "repo": "nixpkgs",
        "rev": "f4dfed73ee886b115a99e5b85fdfbeb683290d83",
        "type": "github"
      },
      "original": {
        "owner": "NixOS",
        "ref": "nixpkgs-unstable",
        "repo": "nixpkgs",
        "type": "github"
      }
    },
    "root": {
      "inputs": {
        "saber-overlay": "saber-overlay"
      }
    },
    "rust-overlay": {
      "inputs": {
        "flake-utils": "flake-utils_4",
        "nixpkgs": [
          "saber-overlay",
          "goki-cli",
          "saber-overlay",
          "nixpkgs"
        ]
      },
      "locked": {
        "lastModified": 1649903781,
        "narHash": "sha256-m+3EZo0a4iS8IwHQhkM/riPuFpu76505xKqmN9j5O+E=",
        "owner": "oxalica",
        "repo": "rust-overlay",
        "rev": "e45696bedc4a13a5970376b8fc09660fdd0e6f6c",
        "type": "github"
      },
      "original": {
        "owner": "oxalica",
        "repo": "rust-overlay",
        "type": "github"
      }
    },
    "rust-overlay_2": {
      "inputs": {
        "flake-utils": "flake-utils_5",
        "nixpkgs": [
          "saber-overlay",
          "nixpkgs"
        ]
      },
      "locked": {
        "lastModified": 1653187023,
        "narHash": "sha256-bbtADm4h0OI5junEKcjpeWgX5Y4Ate0m7L6cxqdCXQY=",
        "owner": "oxalica",
        "repo": "rust-overlay",
        "rev": "86cc394cd4d5eb7a85749677de297cb9eb33664c",
        "type": "github"
      },
      "original": {
        "owner": "oxalica",
        "repo": "rust-overlay",
        "type": "github"
      }
    },
    "saber-overlay": {
      "inputs": {
        "flake-utils": "flake-utils",
        "goki-cli": "goki-cli",
        "nixpkgs": "nixpkgs_3",
        "rust-overlay": "rust-overlay_2"
      },
      "locked": {
        "lastModified": 1654460523,
        "narHash": "sha256-Y/ZiRSqATICIXYvY7zYZF8gsxYR2D1TEGAt5rPrk6LY=",
        "owner": "saber-hq",
        "repo": "saber-overlay",
        "rev": "d9ccf542a7ad67bf823677bf7dff3f0024ed64b7",
        "type": "github"
      },
      "original": {
        "owner": "saber-hq",
        "repo": "saber-overlay",
        "type": "github"
      }
    },
    "saber-overlay_2": {
      "inputs": {
        "flake-utils": "flake-utils_3",
        "nixpkgs": "nixpkgs_2",
        "rust-overlay": "rust-overlay"
      },
      "locked": {
        "lastModified": 1651330538,
        "narHash": "sha256-BWbwvPgVv9VhJme1bR+UnsPuX6871TA01RfT/Pfhmk8=",
        "owner": "saber-hq",
        "repo": "saber-overlay",
        "rev": "0f1dc49b18e25f02ce82ab6e2bdee58a924e33fc",
        "type": "github"
      },
      "original": {
        "owner": "saber-hq",
        "repo": "saber-overlay",
        "type": "github"
      }
    }
  },
  "root": "root",
  "version": 7
}
